
Microsoft Visual Studio Solution File, Format Version 12.00
# Visual Studio 15
VisualStudioVersion = 15.0.28307.852
MinimumVisualStudioVersion = 10.0.40219.1
Project("{FAE04EC0-301F-11D3-BF4B-00C04F79EFBC}") = "AlejandroGarciaMalo", "AlejandroGarciaMalo\AlejandroGarciaMalo.csproj", "{C2D4A677-4CD6-41A2-990F-499532029F67}"
EndProject
Project("{FAE04EC0-301F-11D3-BF4B-00C04F79EFBC}") = "AlejandroGarciaMalo.UnitTest", "AlejandroGarciaMalo.UnitTest\AlejandroGarciaMalo.UnitTest.csproj", "{E21B098D-A1C9-431E-9827-5672FAF680E9}"
EndProject
Global
	GlobalSection(SolutionConfigurationPlatforms) = preSolution
		Debug|Any CPU = Debug|Any CPU
		Release|Any CPU = Release|Any CPU
	EndGlobalSection
	GlobalSection(ProjectConfigurationPlatforms) = postSolution
		{C2D4A677-4CD6-41A2-990F-499532029F67}.Debug|Any CPU.ActiveCfg = Debug|Any CPU
		{C2D4A677-4CD6-41A2-990F-499532029F67}.Debug|Any CPU.Build.0 = Debug|Any CPU
		{C2D4A677-4CD6-41A2-990F-499532029F67}.Release|Any CPU.ActiveCfg = Release|Any CPU
		{C2D4A677-4CD6-41A2-990F-499532029F67}.Release|Any CPU.Build.0 = Release|Any CPU
		{E21B098D-A1C9-431E-9827-5672FAF680E9}.Debug|Any CPU.ActiveCfg = Debug|Any CPU
		{E21B098D-A1C9-431E-9827-5672FAF680E9}.Debug|Any CPU.Build.0 = Debug|Any CPU
		{E21B098D-A1C9-431E-9827-5672FAF680E9}.Release|Any CPU.ActiveCfg = Release|Any CPU
		{E21B098D-A1C9-431E-9827-5672FAF680E9}.Release|Any CPU.Build.0 = Release|Any CPU
	EndGlobalSection
	GlobalSection(SolutionProperties) = preSolution
		HideSolutionNode = FALSE
	EndGlobalSection
	GlobalSection(ExtensibilityGlobals) = postSolution
		SolutionGuid = {483DFDE6-2302-4276-B4EE-27ACA2B54155}
	EndGlobalSection
EndGlobal
